lockfileVersion: '9.0'

settings:
  autoInstallPeers: true
  excludeLinksFromLockfile: false

importers:

  .:
    devDependencies:
      typescript:
        specifier: ^5.6.3
        version: 5.9.3

  apps/admin:
    dependencies:
      '@kaamsaathi/contracts':
        specifier: workspace:*
        version: link:../../packages/contracts
      '@kaamsaathi/design-tokens':
        specifier: workspace:*
        version: link:../../packages/design-tokens
      '@kaamsaathi/localization':
        specifier: workspace:*
        version: link:../../packages/localization
    devDependencies:
      '@types/node':
        specifier: ^22.8.1
        version: 22.20.2
      typescript:
        specifier: ^5.6.3
        version: 5.9.3

  apps/web:
    dependencies:
      '@kaamsaathi/contracts':
        specifier: workspace:*
        version: link:../../packages/contracts
      '@kaamsaathi/design-tokens':
        specifier: workspace:*
        version: link:../../packages/design-tokens
      '@kaamsaathi/localization':
        specifier: workspace:*
        version: link:../../packages/localization
    devDependencies:
      '@types/node':
        specifier: ^22.8.1
        version: 22.20.2
      typescript:
        specifier: ^5.6.3
        version: 5.9.3

  packages/contracts:
    dependencies:
      zod:
        specifier: ^3.23.8
        version: 3.25.76
    devDependencies:
      '@types/node':
        specifier: ^22.8.1
        version: 22.20.2
      typescript:
        specifier: ^5.6.3
        version: 5.9.3

  packages/design-tokens:
    devDependencies:
      '@types/node':
        specifier: ^22.8.1
        version: 22.20.2
      typescript:
        specifier: ^5.6.3
        version: 5.9.3

  packages/localization:
    devDependencies:
      '@types/node':
        specifier: ^22.8.1
        version: 22.20.2
      typescript:
        specifier: ^5.6.3
        version: 5.9.3

  services/api:
    dependencies:
      '@kaamsaathi/contracts':
        specifier: workspace:*
        version: link:../../packages/contracts
      '@kaamsaathi/design-tokens':
        specifier: workspace:*
        version: link:../../packages/design-tokens
      '@kaamsaathi/localization':
        specifier: workspace:*
        version: link:../../packages/localization
    devDependencies:
      '@types/node':
        specifier: ^22.8.1
        version: 22.20.2
      typescript:
        specifier: ^5.6.3
        version: 5.9.3

packages:

  '@types/node@22.20.2':
    resolution: {integrity: sha512-xlvWf4Vs9n1PEVYwP1n4vvG07M6y8WgvJ2t0vbrWTmijsIHp1cS+uJ2kMIRdY3nHZK0nCYKrPeD171+SzF4/zw==}

  typescript@5.9.3:
    resolution: {integrity: sha512-jl1vZzPDinLr9eUt3J/t7V6FgNEw9QjvBPdysz9KfQDD41fQrC2Y4vKQdiaUpFT4bXlb1RHhLpp8wtm6M5TgSw==}
    engines: {node: '>=14.17'}
    hasBin: true

  undici-types@6.21.0:
    resolution: {integrity: sha512-iwDZqg0QAGrg9Rav5H4n0M64c3mkR59cJ6wQp+7C4nI0gsmExaedaYLNO44eT4AtBBwjbTiGPMlt2Md0T9H9JQ==}

  zod@3.25.76:
    resolution: {integrity: sha512-gzUt/qt81nXsFGKIFcC3YnfEAx5NkunCfnDlvuBSSFS02bcXu4Lmea0AFIUwbLWxWPx3d9p8S5QoaujKcNQxcQ==}

snapshots:

  '@types/node@22.20.2':
    dependencies:
      undici-types: 6.21.0

  typescript@5.9.3: {}

  undici-types@6.21.0: {}

  zod@3.25.76: {}
